
Microsoft Visual Studio Solution File, Format Version 12.00
# Visual Studio 2013
VisualStudioVersion = 12.0.31101.0
MinimumVisualStudioVersion = 10.0.40219.1
Project("{FAE04EC0-301F-11D3-BF4B-00C04F79EFBC}") = "Smart.API.Adapter.Api", "src\Smart.API.Adapter.Api\Smart.API.Adapter.Api.csproj", "{8C732F07-6B73-486D-8D78-F7D1F806AA61}"
EndProject
Project("{FAE04EC0-301F-11D3-BF4B-00C04F79EFBC}") = "Smart.API.Adapter.Biz", "src\Smart.API.Adapter.Biz\Smart.API.Adapter.Biz.csproj", "{67B670A1-52FB-4F76-8CFE-88793E7BD600}"
EndProject
Project("{FAE04EC0-301F-11D3-BF4B-00C04F79EFBC}") = "Smart.API.Adapter.Common", "src\Smart.API.Adapter.Common\Smart.API.Adapter.Common.csproj", "{3C2DE953-E82E-42B4-B093-91E30AD2FB28}"
EndProject
Project("{FAE04EC0-301F-11D3-BF4B-00C04F79EFBC}") = "Smart.API.Adapter.DataAccess", "src\Smart.API.Adapter.DataAccess\Smart.API.Adapter.DataAccess.csproj", "{51AC753D-6345-4731-A7D9-CB7185F969BC}"
EndProject
Project("{FAE04EC0-301F-11D3-BF4B-00C04F79EFBC}") = "Smart.API.Adapter.Models", "src\Smart.API.Adapter.Models\Smart.API.Adapter.Models.csproj", "{61D25332-37C7-48CA-83D6-8731893BF032}"
EndProject
Project("{FAE04EC0-301F-11D3-BF4B-00C04F79EFBC}") = "Smart.API.Adapter.Web", "src\Smart.API.Adapter.Web\Smart.API.Adapter.Web.csproj", "{5620C2B1-20E3-46FB-9988-F64327016B1B}"
EndProject
Project("{2150E333-8FDC-42A3-9474-1A3956D46DE8}") = "01-Database", "01-Database", "{72649328-0751-4AD9-8B47-9CE6175ACD59}"
EndProject
Project("{2150E333-8FDC-42A3-9474-1A3956D46DE8}") = "02-Infrastructure", "02-Infrastructure", "{9BE7584E-FCC4-4E1C-819B-F443C754FE19}"
EndProject
Project("{2150E333-8FDC-42A3-9474-1A3956D46DE8}") = "03-DataAccess", "03-DataAccess", "{A793F41D-124D-4ED4-8D82-00078F9A026D}"
EndProject
Project("{2150E333-8FDC-42A3-9474-1A3956D46DE8}") = "04-Domain", "04-Domain", "{9E6828A1-8902-4553-9A6A-81727C9BBD04}"
EndProject
Project("{2150E333-8FDC-42A3-9474-1A3956D46DE8}") = "05-Interface", "05-Interface", "{3F1A7AB1-14DB-4809-98C9-41B57C0678DE}"
EndProject
Project("{2150E333-8FDC-42A3-9474-1A3956D46DE8}") = "06-UnitTest", "06-UnitTest", "{30D2A5B5-032F-4373-9FA0-C79F0FFDE541}"
EndProject
Project("{FAE04EC0-301F-11D3-BF4B-00C04F79EFBC}") = "UnitTest.Api", "UnitTestProject1\UnitTest.Api.csproj", "{BECF9450-20F2-44CC-AA3A-3A62B6BE2F3A}"
EndProject
Project("{FAE04EC0-301F-11D3-BF4B-00C04F79EFBC}") = "Smart.API.Adapter.TaskService", "src\Smart.API.Adapter.TaskService\Smart.API.Adapter.TaskService.csproj", "{B67CC3BF-01AD-4FD9-B915-4592458D0284}"
EndProject
Project("{FAE04EC0-301F-11D3-BF4B-00C04F79EFBC}") = "ConsoleParkService", "ConsoleParkService\ConsoleParkService.csproj", "{0A5E56E4-14EE-4368-9F92-6D3F4197F9F9}"
EndProject
Project("{FAE04EC0-301F-11D3-BF4B-00C04F79EFBC}") = "WinTestJD", "WinTestJD\WinTestJD.csproj", "{1B9C77E2-6993-4DBD-B952-7D2193EF40B5}"
EndProject
Project("{FAE04EC0-301F-11D3-BF4B-00C04F79EFBC}") = "Smart.API.Adapter.BizCore", "src\Smart.API.Adapter.BizCore\Smart.API.Adapter.BizCore.csproj", "{A5FD8416-0244-4EFD-85E0-4CAA1827F11F}"
EndProject
Global
	GlobalSection(SolutionConfigurationPlatforms) = preSolution
		Debug|Any CPU = Debug|Any CPU
		Release|Any CPU = Release|Any CPU
		Uat|Any CPU = Uat|Any CPU
	EndGlobalSection
	GlobalSection(ProjectConfigurationPlatforms) = postSolution
		{8C732F07-6B73-486D-8D78-F7D1F806AA61}.Debug|Any CPU.ActiveCfg = Debug|Any CPU
		{8C732F07-6B73-486D-8D78-F7D1F806AA61}.Debug|Any CPU.Build.0 = Debug|Any CPU
		{8C732F07-6B73-486D-8D78-F7D1F806AA61}.Release|Any CPU.ActiveCfg = Release|Any CPU
		{8C732F07-6B73-486D-8D78-F7D1F806AA61}.Release|Any CPU.Build.0 = Release|Any CPU
		{8C732F07-6B73-486D-8D78-F7D1F806AA61}.Uat|Any CPU.ActiveCfg = Uat|Any CPU
		{8C732F07-6B73-486D-8D78-F7D1F806AA61}.Uat|Any CPU.Build.0 = Uat|Any CPU
		{67B670A1-52FB-4F76-8CFE-88793E7BD600}.Debug|Any CPU.ActiveCfg = Debug|Any CPU
		{67B670A1-52FB-4F76-8CFE-88793E7BD600}.Debug|Any CPU.Build.0 = Debug|Any CPU
		{67B670A1-52FB-4F76-8CFE-88793E7BD600}.Release|Any CPU.ActiveCfg = Release|Any CPU
		{67B670A1-52FB-4F76-8CFE-88793E7BD600}.Release|Any CPU.Build.0 = Release|Any CPU
		{67B670A1-52FB-4F76-8CFE-88793E7BD600}.Uat|Any CPU.ActiveCfg = Uat|Any CPU
		{67B670A1-52FB-4F76-8CFE-88793E7BD600}.Uat|Any CPU.Build.0 = Uat|Any CPU
		{3C2DE953-E82E-42B4-B093-91E30AD2FB28}.Debug|Any CPU.ActiveCfg = Debug|Any CPU
		{3C2DE953-E82E-42B4-B093-91E30AD2FB28}.Debug|Any CPU.Build.0 = Debug|Any CPU
		{3C2DE953-E82E-42B4-B093-91E30AD2FB28}.Release|Any CPU.ActiveCfg = Release|Any CPU
		{3C2DE953-E82E-42B4-B093-91E30AD2FB28}.Release|Any CPU.Build.0 = Release|Any CPU
		{3C2DE953-E82E-42B4-B093-91E30AD2FB28}.Uat|Any CPU.ActiveCfg = Uat|Any CPU
		{3C2DE953-E82E-42B4-B093-91E30AD2FB28}.Uat|Any CPU.Build.0 = Uat|Any CPU
		{51AC753D-6345-4731-A7D9-CB7185F969BC}.Debug|Any CPU.ActiveCfg = Debug|Any CPU
		{51AC753D-6345-4731-A7D9-CB7185F969BC}.Debug|Any CPU.Build.0 = Debug|Any CPU
		{51AC753D-6345-4731-A7D9-CB7185F969BC}.Release|Any CPU.ActiveCfg = Release|Any CPU
		{51AC753D-6345-4731-A7D9-CB7185F969BC}.Release|Any CPU.Build.0 = Release|Any CPU
		{51AC753D-6345-4731-A7D9-CB7185F969BC}.Uat|Any CPU.ActiveCfg = Uat|Any CPU
		{51AC753D-6345-4731-A7D9-CB7185F969BC}.Uat|Any CPU.Build.0 = Uat|Any CPU
		{61D25332-37C7-48CA-83D6-8731893BF032}.Debug|Any CPU.ActiveCfg = Debug|Any CPU
		{61D25332-37C7-48CA-83D6-8731893BF032}.Debug|Any CPU.Build.0 = Debug|Any CPU
		{61D25332-37C7-48CA-83D6-8731893BF032}.Release|Any CPU.ActiveCfg = Release|Any CPU
		{61D25332-37C7-48CA-83D6-8731893BF032}.Release|Any CPU.Build.0 = Release|Any CPU
		{61D25332-37C7-48CA-83D6-8731893BF032}.Uat|Any CPU.ActiveCfg = Uat|Any CPU
		{61D25332-37C7-48CA-83D6-8731893BF032}.Uat|Any CPU.Build.0 = Uat|Any CPU
		{5620C2B1-20E3-46FB-9988-F64327016B1B}.Debug|Any CPU.ActiveCfg = Debug|Any CPU
		{5620C2B1-20E3-46FB-9988-F64327016B1B}.Debug|Any CPU.Build.0 = Debug|Any CPU
		{5620C2B1-20E3-46FB-9988-F64327016B1B}.Release|Any CPU.ActiveCfg = Release|Any CPU
		{5620C2B1-20E3-46FB-9988-F64327016B1B}.Release|Any CPU.Build.0 = Release|Any CPU
		{5620C2B1-20E3-46FB-9988-F64327016B1B}.Uat|Any CPU.ActiveCfg = Uat|Any CPU
		{5620C2B1-20E3-46FB-9988-F64327016B1B}.Uat|Any CPU.Build.0 = Uat|Any CPU
		{BECF9450-20F2-44CC-AA3A-3A62B6BE2F3A}.Debug|Any CPU.ActiveCfg = Debug|Any CPU
		{BECF9450-20F2-44CC-AA3A-3A62B6BE2F3A}.Debug|Any CPU.Build.0 = Debug|Any CPU
		{BECF9450-20F2-44CC-AA3A-3A62B6BE2F3A}.Release|Any CPU.ActiveCfg = Release|Any CPU
		{BECF9450-20F2-44CC-AA3A-3A62B6BE2F3A}.Release|Any CPU.Build.0 = Release|Any CPU
		{BECF9450-20F2-44CC-AA3A-3A62B6BE2F3A}.Uat|Any CPU.ActiveCfg = Release|Any CPU
		{BECF9450-20F2-44CC-AA3A-3A62B6BE2F3A}.Uat|Any CPU.Build.0 = Release|Any CPU
		{B67CC3BF-01AD-4FD9-B915-4592458D0284}.Debug|Any CPU.ActiveCfg = Debug|Any CPU
		{B67CC3BF-01AD-4FD9-B915-4592458D0284}.Debug|Any CPU.Build.0 = Debug|Any CPU
		{B67CC3BF-01AD-4FD9-B915-4592458D0284}.Release|Any CPU.ActiveCfg = Release|Any CPU
		{B67CC3BF-01AD-4FD9-B915-4592458D0284}.Release|Any CPU.Build.0 = Release|Any CPU
		{B67CC3BF-01AD-4FD9-B915-4592458D0284}.Uat|Any CPU.ActiveCfg = Release|Any CPU
		{B67CC3BF-01AD-4FD9-B915-4592458D0284}.Uat|Any CPU.Build.0 = Release|Any CPU
		{0A5E56E4-14EE-4368-9F92-6D3F4197F9F9}.Debug|Any CPU.ActiveCfg = Debug|Any CPU
		{0A5E56E4-14EE-4368-9F92-6D3F4197F9F9}.Debug|Any CPU.Build.0 = Debug|Any CPU
		{0A5E56E4-14EE-4368-9F92-6D3F4197F9F9}.Release|Any CPU.ActiveCfg = Release|Any CPU
		{0A5E56E4-14EE-4368-9F92-6D3F4197F9F9}.Release|Any CPU.Build.0 = Release|Any CPU
		{0A5E56E4-14EE-4368-9F92-6D3F4197F9F9}.Uat|Any CPU.ActiveCfg = Release|Any CPU
		{0A5E56E4-14EE-4368-9F92-6D3F4197F9F9}.Uat|Any CPU.Build.0 = Release|Any CPU
		{1B9C77E2-6993-4DBD-B952-7D2193EF40B5}.Debug|Any CPU.ActiveCfg = Debug|Any CPU
		{1B9C77E2-6993-4DBD-B952-7D2193EF40B5}.Debug|Any CPU.Build.0 = Debug|Any CPU
		{1B9C77E2-6993-4DBD-B952-7D2193EF40B5}.Release|Any CPU.ActiveCfg = Release|Any CPU
		{1B9C77E2-6993-4DBD-B952-7D2193EF40B5}.Release|Any CPU.Build.0 = Release|Any CPU
		{1B9C77E2-6993-4DBD-B952-7D2193EF40B5}.Uat|Any CPU.ActiveCfg = Release|Any CPU
		{1B9C77E2-6993-4DBD-B952-7D2193EF40B5}.Uat|Any CPU.Build.0 = Release|Any CPU
		{A5FD8416-0244-4EFD-85E0-4CAA1827F11F}.Debug|Any CPU.ActiveCfg = Debug|Any CPU
		{A5FD8416-0244-4EFD-85E0-4CAA1827F11F}.Debug|Any CPU.Build.0 = Debug|Any CPU
		{A5FD8416-0244-4EFD-85E0-4CAA1827F11F}.Release|Any CPU.ActiveCfg = Release|Any CPU
		{A5FD8416-0244-4EFD-85E0-4CAA1827F11F}.Release|Any CPU.Build.0 = Release|Any CPU
		{A5FD8416-0244-4EFD-85E0-4CAA1827F11F}.Uat|Any CPU.ActiveCfg = Release|Any CPU
		{A5FD8416-0244-4EFD-85E0-4CAA1827F11F}.Uat|Any CPU.Build.0 = Release|Any CPU
	EndGlobalSection
	GlobalSection(SolutionProperties) = preSolution
		HideSolutionNode = FALSE
	EndGlobalSection
	GlobalSection(NestedProjects) = preSolution
		{8C732F07-6B73-486D-8D78-F7D1F806AA61} = {3F1A7AB1-14DB-4809-98C9-41B57C0678DE}
		{67B670A1-52FB-4F76-8CFE-88793E7BD600} = {9E6828A1-8902-4553-9A6A-81727C9BBD04}
		{3C2DE953-E82E-42B4-B093-91E30AD2FB28} = {9BE7584E-FCC4-4E1C-819B-F443C754FE19}
		{51AC753D-6345-4731-A7D9-CB7185F969BC} = {A793F41D-124D-4ED4-8D82-00078F9A026D}
		{61D25332-37C7-48CA-83D6-8731893BF032} = {9BE7584E-FCC4-4E1C-819B-F443C754FE19}
		{5620C2B1-20E3-46FB-9988-F64327016B1B} = {9BE7584E-FCC4-4E1C-819B-F443C754FE19}
		{BECF9450-20F2-44CC-AA3A-3A62B6BE2F3A} = {30D2A5B5-032F-4373-9FA0-C79F0FFDE541}
		{B67CC3BF-01AD-4FD9-B915-4592458D0284} = {3F1A7AB1-14DB-4809-98C9-41B57C0678DE}
		{0A5E56E4-14EE-4368-9F92-6D3F4197F9F9} = {3F1A7AB1-14DB-4809-98C9-41B57C0678DE}
		{1B9C77E2-6993-4DBD-B952-7D2193EF40B5} = {3F1A7AB1-14DB-4809-98C9-41B57C0678DE}
		{A5FD8416-0244-4EFD-85E0-4CAA1827F11F} = {9E6828A1-8902-4553-9A6A-81727C9BBD04}
	EndGlobalSection
EndGlobal
